
Microsoft Visual Studio Solution File, Format Version 12.00
# Visual Studio Version 17
VisualStudioVersion = 17.2.32602.215
MinimumVisualStudioVersion = 10.0.40219.1
Project("{9A19103F-16F7-4668-BE54-9A1E7A4F7556}") = "XAF.Module", "XAF.Module\XAF.Module.csproj", "{C4B3DCFD-FF1C-4742-861C-20CBFCD7579F}"
EndProject
Project("{9A19103F-16F7-4668-BE54-9A1E7A4F7556}") = "XAF.Blazor.Server", "XAF.Blazor.Server\XAF.Blazor.Server.csproj", "{B631D167-1444-4C63-88B7-674B14F8A408}"
EndProject
Global
	GlobalSection(SolutionConfigurationPlatforms) = preSolution
		Debug|Any CPU = Debug|Any CPU
		EasyTest|Any CPU = EasyTest|Any CPU
		Release|Any CPU = Release|Any CPU
	EndGlobalSection
	GlobalSection(ProjectConfigurationPlatforms) = postSolution
		{C4B3DCFD-FF1C-4742-861C-20CBFCD7579F}.Debug|Any CPU.ActiveCfg = Debug|Any CPU
		{C4B3DCFD-FF1C-4742-861C-20CBFCD7579F}.Debug|Any CPU.Build.0 = Debug|Any CPU
		{C4B3DCFD-FF1C-4742-861C-20CBFCD7579F}.EasyTest|Any CPU.ActiveCfg = EasyTest|Any CPU
		{C4B3DCFD-FF1C-4742-861C-20CBFCD7579F}.EasyTest|Any CPU.Build.0 = EasyTest|Any CPU
		{C4B3DCFD-FF1C-4742-861C-20CBFCD7579F}.Release|Any CPU.ActiveCfg = Release|Any CPU
		{C4B3DCFD-FF1C-4742-861C-20CBFCD7579F}.Release|Any CPU.Build.0 = Release|Any CPU
		{B631D167-1444-4C63-88B7-674B14F8A408}.Debug|Any CPU.ActiveCfg = Debug|Any CPU
		{B631D167-1444-4C63-88B7-674B14F8A408}.Debug|Any CPU.Build.0 = Debug|Any CPU
		{B631D167-1444-4C63-88B7-674B14F8A408}.EasyTest|Any CPU.ActiveCfg = EasyTest|Any CPU
		{B631D167-1444-4C63-88B7-674B14F8A408}.EasyTest|Any CPU.Build.0 = EasyTest|Any CPU
		{B631D167-1444-4C63-88B7-674B14F8A408}.Release|Any CPU.ActiveCfg = Release|Any CPU
		{B631D167-1444-4C63-88B7-674B14F8A408}.Release|Any CPU.Build.0 = Release|Any CPU
	EndGlobalSection
	GlobalSection(SolutionProperties) = preSolution
		HideSolutionNode = FALSE
	EndGlobalSection
	GlobalSection(ExtensibilityGlobals) = postSolution
		SolutionGuid = {63AC2544-618E-49F8-BEEB-BA21616EAB92}
	EndGlobalSection
EndGlobal
